
Microsoft Visual Studio Solution File, Format Version 12.00
# Visual Studio Version 17
VisualStudioVersion = 17.0.31903.59
MinimumVisualStudioVersion = 10.0.40219.1
Project("{2150E333-8FDC-42A3-9474-1A3956D46DE8}") = "src", "src", "{827E0CD3-B72D-47B6-A68D-7590B98EB39B}"
EndProject
Project("{FAE04EC0-301F-11D3-BF4B-00C04F79EFBC}") = "SensorX.Gateway.Domain", "src\SensorX.Gateway.Domain\SensorX.Gateway.Domain.csproj", "{B96CCF91-6B3E-46F2-8B89-BB604618043E}"
EndProject
Project("{FAE04EC0-301F-11D3-BF4B-00C04F79EFBC}") = "SensorX.Gateway.Application", "src\SensorX.Gateway.Application\SensorX.Gateway.Application.csproj", "{32A989DE-F4D8-45A6-B514-61ECB2F7C921}"
EndProject
Project("{FAE04EC0-301F-11D3-BF4B-00C04F79EFBC}") = "SensorX.Gateway.Infrastructure", "src\SensorX.Gateway.Infrastructure\SensorX.Gateway.Infrastructure.csproj", "{B8AE4BAB-185B-49EE-BEB5-04E45593A67C}"
EndProject
Project("{FAE04EC0-301F-11D3-BF4B-00C04F79EFBC}") = "SensorX.Gateway.Api", "src\SensorX.Gateway.Api\SensorX.Gateway.Api.csproj", "{A4E2ECDB-E565-4911-B054-2473C5BA9175}"
EndProject
Project("{FAE04EC0-301F-11D3-BF4B-00C04F79EFBC}") = "SensorX.KeyGen", "src\SensorX.KeyGen\SensorX.KeyGen.csproj", "{B5CC1F43-B3CE-40CD-90CF-0278B0F1C04C}"
EndProject
Project("{FAE04EC0-301F-11D3-BF4B-00C04F79EFBC}") = "SensorX.Gateway.Test", "src\SensorX.Gateway.Test\SensorX.Gateway.Test.csproj", "{C8E1F3D4-5B2A-48C7-9F1E-2A5D3C6B7E8F}"
EndProject
Global
	GlobalSection(SolutionConfigurationPlatforms) = preSolution
		Debug|Any CPU = Debug|Any CPU
		Debug|x64 = Debug|x64
		Debug|x86 = Debug|x86
		Release|Any CPU = Release|Any CPU
		Release|x64 = Release|x64
		Release|x86 = Release|x86
	EndGlobalSection
	GlobalSection(ProjectConfigurationPlatforms) = postSolution
		{B96CCF91-6B3E-46F2-8B89-BB604618043E}.Debug|Any CPU.ActiveCfg = Debug|Any CPU
		{B96CCF91-6B3E-46F2-8B89-BB604618043E}.Debug|Any CPU.Build.0 = Debug|Any CPU
		{B96CCF91-6B3E-46F2-8B89-BB604618043E}.Debug|x64.ActiveCfg = Debug|Any CPU
		{B96CCF91-6B3E-46F2-8B89-BB604618043E}.Debug|x64.Build.0 = Debug|Any CPU
		{B96CCF91-6B3E-46F2-8B89-BB604618043E}.Debug|x86.ActiveCfg = Debug|Any CPU
		{B96CCF91-6B3E-46F2-8B89-BB604618043E}.Debug|x86.Build.0 = Debug|Any CPU
		{B96CCF91-6B3E-46F2-8B89-BB604618043E}.Release|Any CPU.ActiveCfg = Release|Any CPU
		{B96CCF91-6B3E-46F2-8B89-BB604618043E}.Release|Any CPU.Build.0 = Release|Any CPU
		{B96CCF91-6B3E-46F2-8B89-BB604618043E}.Release|x64.ActiveCfg = Release|Any CPU
		{B96CCF91-6B3E-46F2-8B89-BB604618043E}.Release|x64.Build.0 = Release|Any CPU
		{B96CCF91-6B3E-46F2-8B89-BB604618043E}.Release|x86.ActiveCfg = Release|Any CPU
		{B96CCF91-6B3E-46F2-8B89-BB604618043E}.Release|x86.Build.0 = Release|Any CPU
		{32A989DE-F4D8-45A6-B514-61ECB2F7C921}.Debug|Any CPU.ActiveCfg = Debug|Any CPU
		{32A989DE-F4D8-45A6-B514-61ECB2F7C921}.Debug|Any CPU.Build.0 = Debug|Any CPU
		{32A989DE-F4D8-45A6-B514-61ECB2F7C921}.Debug|x64.ActiveCfg = Debug|Any CPU
		{32A989DE-F4D8-45A6-B514-61ECB2F7C921}.Debug|x64.Build.0 = Debug|Any CPU
		{32A989DE-F4D8-45A6-B514-61ECB2F7C921}.Debug|x86.ActiveCfg = Debug|Any CPU
		{32A989DE-F4D8-45A6-B514-61ECB2F7C921}.Debug|x86.Build.0 = Debug|Any CPU
		{32A989DE-F4D8-45A6-B514-61ECB2F7C921}.Release|Any CPU.ActiveCfg = Release|Any CPU
		{32A989DE-F4D8-45A6-B514-61ECB2F7C921}.Release|Any CPU.Build.0 = Release|Any CPU
		{32A989DE-F4D8-45A6-B514-61ECB2F7C921}.Release|x64.ActiveCfg = Release|Any CPU
		{32A989DE-F4D8-45A6-B514-61ECB2F7C921}.Release|x64.Build.0 = Release|Any CPU
		{32A989DE-F4D8-45A6-B514-61ECB2F7C921}.Release|x86.ActiveCfg = Release|Any CPU
		{32A989DE-F4D8-45A6-B514-61ECB2F7C921}.Release|x86.Build.0 = Release|Any CPU
		{B8AE4BAB-185B-49EE-BEB5-04E45593A67C}.Debug|Any CPU.ActiveCfg = Debug|Any CPU
		{B8AE4BAB-185B-49EE-BEB5-04E45593A67C}.Debug|Any CPU.Build.0 = Debug|Any CPU
		{B8AE4BAB-185B-49EE-BEB5-04E45593A67C}.Debug|x64.ActiveCfg = Debug|Any CPU
		{B8AE4BAB-185B-49EE-BEB5-04E45593A67C}.Debug|x64.Build.0 = Debug|Any CPU
		{B8AE4BAB-185B-49EE-BEB5-04E45593A67C}.Debug|x86.ActiveCfg = Debug|Any CPU
		{B8AE4BAB-185B-49EE-BEB5-04E45593A67C}.Debug|x86.Build.0 = Debug|Any CPU
		{B8AE4BAB-185B-49EE-BEB5-04E45593A67C}.Release|Any CPU.ActiveCfg = Release|Any CPU
		{B8AE4BAB-185B-49EE-BEB5-04E45593A67C}.Release|Any CPU.Build.0 = Release|Any CPU
		{B8AE4BAB-185B-49EE-BEB5-04E45593A67C}.Release|x64.ActiveCfg = Release|Any CPU
		{B8AE4BAB-185B-49EE-BEB5-04E45593A67C}.Release|x64.Build.0 = Release|Any CPU
		{B8AE4BAB-185B-49EE-BEB5-04E45593A67C}.Release|x86.ActiveCfg = Release|Any CPU
		{B8AE4BAB-185B-49EE-BEB5-04E45593A67C}.Release|x86.Build.0 = Release|Any CPU
		{A4E2ECDB-E565-4911-B054-2473C5BA9175}.Debug|Any CPU.ActiveCfg = Debug|Any CPU
		{A4E2ECDB-E565-4911-B054-2473C5BA9175}.Debug|Any CPU.Build.0 = Debug|Any CPU
		{A4E2ECDB-E565-4911-B054-2473C5BA9175}.Debug|x64.ActiveCfg = Debug|Any CPU
		{A4E2ECDB-E565-4911-B054-2473C5BA9175}.Debug|x64.Build.0 = Debug|Any CPU
		{A4E2ECDB-E565-4911-B054-2473C5BA9175}.Debug|x86.ActiveCfg = Debug|Any CPU
		{A4E2ECDB-E565-4911-B054-2473C5BA9175}.Debug|x86.Build.0 = Debug|Any CPU
		{A4E2ECDB-E565-4911-B054-2473C5BA9175}.Release|Any CPU.ActiveCfg = Release|Any CPU
		{A4E2ECDB-E565-4911-B054-2473C5BA9175}.Release|Any CPU.Build.0 = Release|Any CPU
		{A4E2ECDB-E565-4911-B054-2473C5BA9175}.Release|x64.ActiveCfg = Release|Any CPU
		{A4E2ECDB-E565-4911-B054-2473C5BA9175}.Release|x64.Build.0 = Release|Any CPU
		{A4E2ECDB-E565-4911-B054-2473C5BA9175}.Release|x86.ActiveCfg = Release|Any CPU
		{A4E2ECDB-E565-4911-B054-2473C5BA9175}.Release|x86.Build.0 = Release|Any CPU
		{B5CC1F43-B3CE-40CD-90CF-0278B0F1C04C}.Debug|Any CPU.ActiveCfg = Debug|Any CPU
		{B5CC1F43-B3CE-40CD-90CF-0278B0F1C04C}.Debug|Any CPU.Build.0 = Debug|Any CPU
		{B5CC1F43-B3CE-40CD-90CF-0278B0F1C04C}.Debug|x64.ActiveCfg = Debug|Any CPU
		{B5CC1F43-B3CE-40CD-90CF-0278B0F1C04C}.Debug|x64.Build.0 = Debug|Any CPU
		{B5CC1F43-B3CE-40CD-90CF-0278B0F1C04C}.Debug|x86.ActiveCfg = Debug|Any CPU
		{B5CC1F43-B3CE-40CD-90CF-0278B0F1C04C}.Debug|x86.Build.0 = Debug|Any CPU
		{B5CC1F43-B3CE-40CD-90CF-0278B0F1C04C}.Release|Any CPU.ActiveCfg = Release|Any CPU
		{B5CC1F43-B3CE-40CD-90CF-0278B0F1C04C}.Release|Any CPU.Build.0 = Release|Any CPU
		{B5CC1F43-B3CE-40CD-90CF-0278B0F1C04C}.Release|x64.ActiveCfg = Release|Any CPU
		{B5CC1F43-B3CE-40CD-90CF-0278B0F1C04C}.Release|x64.Build.0 = Release|Any CPU
		{B5CC1F43-B3CE-40CD-90CF-0278B0F1C04C}.Release|x86.ActiveCfg = Release|Any CPU
		{B5CC1F43-B3CE-40CD-90CF-0278B0F1C04C}.Release|x86.Build.0 = Release|Any CPU
		{C8E1F3D4-5B2A-48C7-9F1E-2A5D3C6B7E8F}.Debug|Any CPU.ActiveCfg = Debug|Any CPU
		{C8E1F3D4-5B2A-48C7-9F1E-2A5D3C6B7E8F}.Debug|Any CPU.Build.0 = Debug|Any CPU
		{C8E1F3D4-5B2A-48C7-9F1E-2A5D3C6B7E8F}.Debug|x64.ActiveCfg = Debug|Any CPU
		{C8E1F3D4-5B2A-48C7-9F1E-2A5D3C6B7E8F}.Debug|x64.Build.0 = Debug|Any CPU
		{C8E1F3D4-5B2A-48C7-9F1E-2A5D3C6B7E8F}.Debug|x86.ActiveCfg = Debug|Any CPU
		{C8E1F3D4-5B2A-48C7-9F1E-2A5D3C6B7E8F}.Debug|x86.Build.0 = Debug|Any CPU
		{C8E1F3D4-5B2A-48C7-9F1E-2A5D3C6B7E8F}.Release|Any CPU.ActiveCfg = Release|Any CPU
		{C8E1F3D4-5B2A-48C7-9F1E-2A5D3C6B7E8F}.Release|Any CPU.Build.0 = Release|Any CPU
		{C8E1F3D4-5B2A-48C7-9F1E-2A5D3C6B7E8F}.Release|x64.ActiveCfg = Release|Any CPU
		{C8E1F3D4-5B2A-48C7-9F1E-2A5D3C6B7E8F}.Release|x64.Build.0 = Release|Any CPU
		{C8E1F3D4-5B2A-48C7-9F1E-2A5D3C6B7E8F}.Release|x86.ActiveCfg = Release|Any CPU
		{C8E1F3D4-5B2A-48C7-9F1E-2A5D3C6B7E8F}.Release|x86.Build.0 = Release|Any CPU
	EndGlobalSection
	GlobalSection(SolutionProperties) = preSolution
		HideSolutionNode = FALSE
	EndGlobalSection
	GlobalSection(NestedProjects) = preSolution
		{B96CCF91-6B3E-46F2-8B89-BB604618043E} = {827E0CD3-B72D-47B6-A68D-7590B98EB39B}
		{32A989DE-F4D8-45A6-B514-61ECB2F7C921} = {827E0CD3-B72D-47B6-A68D-7590B98EB39B}
		{B8AE4BAB-185B-49EE-BEB5-04E45593A67C} = {827E0CD3-B72D-47B6-A68D-7590B98EB39B}
		{A4E2ECDB-E565-4911-B054-2473C5BA9175} = {827E0CD3-B72D-47B6-A68D-7590B98EB39B}
		{B5CC1F43-B3CE-40CD-90CF-0278B0F1C04C} = {827E0CD3-B72D-47B6-A68D-7590B98EB39B}
		{C8E1F3D4-5B2A-48C7-9F1E-2A5D3C6B7E8F} = {827E0CD3-B72D-47B6-A68D-7590B98EB39B}
	EndGlobalSection
EndGlobal
